
Microsoft Visual Studio Solution File, Format Version 12.00
# Visual Studio Version 17
Project("{2150E333-8FDC-42A3-9474-1A3956D46DE8}") = "CMakePredefinedTargets", "CMakePredefinedTargets", "{2B2EE3C4-008F-3275-8319-A38D05CB93C3}"
EndProject
Project("{2150E333-8FDC-42A3-9474-1A3956D46DE8}") = "GLFW3", "GLFW3", "{8BC5FA98-E051-3DDF-A664-1CBF9EAE451E}"
EndProject
Project("{2150E333-8FDC-42A3-9474-1A3956D46DE8}") = "Examples", "GLFW3\Examples", "{981BA105-4999-32EA-88C8-9AE84AC99B03}"
EndProject
Project("{2150E333-8FDC-42A3-9474-1A3956D46DE8}") = "Tests", "GLFW3\Tests", "{108C6584-8003-31B9-B7D4-3B8DAED23210}"
EndProject
Project("{8BC9CEB8-8B4A-11D0-8D11-00A0C91BC942}") = "ALL_BUILD", "ALL_BUILD.vcxproj", "{83B0A416-B39F-3F02-BAB1-9E82F46699AA}"
	ProjectSection(ProjectDependencies) = postProject
		{C7380F4C-E4C2-304F-8B60-BF99100AD27F} = {C7380F4C-E4C2-304F-8B60-BF99100AD27F}
		{D10527B4-D5DF-3C12-8DAE-C4201BA96415} = {D10527B4-D5DF-3C12-8DAE-C4201BA96415}
		{595BF094-4432-3635-AE07-ABDEEB8D805F} = {595BF094-4432-3635-AE07-ABDEEB8D805F}
		{308D368C-5AB9-3471-989B-E95EAF5D2D1E} = {308D368C-5AB9-3471-989B-E95EAF5D2D1E}
		{9962F25F-0648-3286-857E-714349C65C6E} = {9962F25F-0648-3286-857E-714349C65C6E}
		{6788ADC6-DC2B-32F4-A681-A04D2E0D0D5A} = {6788ADC6-DC2B-32F4-A681-A04D2E0D0D5A}
		{20727E43-0320-333A-8DDA-03350BD3C70E} = {20727E43-0320-333A-8DDA-03350BD3C70E}
		{89378BF4-DD0B-337B-959F-A1ECF4D4DCF4} = {89378BF4-DD0B-337B-959F-A1ECF4D4DCF4}
		{593EB96D-76DD-3B26-8F8E-9D9AF9E79FD2} = {593EB96D-76DD-3B26-8F8E-9D9AF9E79FD2}
		{110A372B-8BD8-37B7-8B57-EDB84A2119ED} = {110A372B-8BD8-37B7-8B57-EDB84A2119ED}
		{2BE55D28-4640-38AE-BCA1-8E7E425CC93F} = {2BE55D28-4640-38AE-BCA1-8E7E425CC93F}
		{BC74DE0F-D7AF-338A-86BF-CAA367916C05} = {BC74DE0F-D7AF-338A-86BF-CAA367916C05}
		{02EDC923-C6CF-30D1-A157-8A89B047B6E0} = {02EDC923-C6CF-30D1-A157-8A89B047B6E0}
		{F9F8E235-0442-3DAA-A580-26CA04D0F5DA} = {F9F8E235-0442-3DAA-A580-26CA04D0F5DA}
		{6369C295-416B-39D6-99C0-AB5A147147EC} = {6369C295-416B-39D6-99C0-AB5A147147EC}
		{23CF3FF5-08D1-39CF-A514-FC6D36C1C679} = {23CF3FF5-08D1-39CF-A514-FC6D36C1C679}
		{7DB16897-DE32-3D3F-8439-AC11B0D0FCD0} = {7DB16897-DE32-3D3F-8439-AC11B0D0FCD0}
		{FD87BFD1-6A86-3455-8405-96EE8D9EE65C} = {FD87BFD1-6A86-3455-8405-96EE8D9EE65C}
		{FFA95260-FDE9-30EF-AFE9-B7394A81B8E5} = {FFA95260-FDE9-30EF-AFE9-B7394A81B8E5}
		{51FFA91A-C619-3EA0-991B-1A05C016B1FC} = {51FFA91A-C619-3EA0-991B-1A05C016B1FC}
		{346EFFCF-7E88-3ABB-9579-189D6FAABA01} = {346EFFCF-7E88-3ABB-9579-189D6FAABA01}
		{CA1E7A4E-D226-3B99-9FA3-1CA8586B09C0} = {CA1E7A4E-D226-3B99-9FA3-1CA8586B09C0}
		{93C1E329-B4BE-3E96-B1CA-F4BB2AC466E9} = {93C1E329-B4BE-3E96-B1CA-F4BB2AC466E9}
		{C8E4C03E-D5CC-3370-8DDF-CECEF39A16EB} = {C8E4C03E-D5CC-3370-8DDF-CECEF39A16EB}
		{B9BCCEA0-00C3-33B3-A4BA-1467779FC57C} = {B9BCCEA0-00C3-33B3-A4BA-1467779FC57C}
		{419152F9-6D14-3EA1-9B55-548D7A075689} = {419152F9-6D14-3EA1-9B55-548D7A075689}
		{272FD4A1-D37E-3733-9FEF-10054998B5B5} = {272FD4A1-D37E-3733-9FEF-10054998B5B5}
		{5C625632-5D7D-3492-9A02-A19F70EB4D50} = {5C625632-5D7D-3492-9A02-A19F70EB4D50}
		{34FEA953-945D-3F6F-BF83-3FC56B13348F} = {34FEA953-945D-3F6F-BF83-3FC56B13348F}
		{FE38374E-63CB-38A1-B746-72AEC1093427} = {FE38374E-63CB-38A1-B746-72AEC1093427}
		{334D2A77-5113-35D3-B8F3-77321D20387C} = {334D2A77-5113-35D3-B8F3-77321D20387C}
		{254D7506-04C3-3979-9AE7-D1667D683FB9} = {254D7506-04C3-3979-9AE7-D1667D683FB9}
		{13904526-36F5-3323-A1AF-E40D36CE2808} = {13904526-36F5-3323-A1AF-E40D36CE2808}
		{29CA42EC-04AC-32F2-9DB3-BABAA4701088} = {29CA42EC-04AC-32F2-9DB3-BABAA4701088}
		{3463F2BE-5D39-3124-9269-32148761EA91} = {3463F2BE-5D39-3124-9269-32148761EA91}
	EndProjectSection
EndProject
Project("{8BC9CEB8-8B4A-11D0-8D11-00A0C91BC942}") = "Display", "Display.vcxproj", "{C7380F4C-E4C2-304F-8B60-BF99100AD27F}"
	ProjectSection(ProjectDependencies) = postProject
		{308D368C-5AB9-3471-989B-E95EAF5D2D1E} = {308D368C-5AB9-3471-989B-E95EAF5D2D1E}
	EndProjectSection
EndProject
Project("{8BC9CEB8-8B4A-11D0-8D11-00A0C91BC942}") = "Engine", "Engine.vcxproj", "{D10527B4-D5DF-3C12-8DAE-C4201BA96415}"
	ProjectSection(ProjectDependencies) = postProject
		{308D368C-5AB9-3471-989B-E95EAF5D2D1E} = {308D368C-5AB9-3471-989B-E95EAF5D2D1E}
	EndProjectSection
EndProject
Project("{8BC9CEB8-8B4A-11D0-8D11-00A0C91BC942}") = "Game", "Game.vcxproj", "{595BF094-4432-3635-AE07-ABDEEB8D805F}"
	ProjectSection(ProjectDependencies) = postProject
		{C7380F4C-E4C2-304F-8B60-BF99100AD27F} = {C7380F4C-E4C2-304F-8B60-BF99100AD27F}
		{D10527B4-D5DF-3C12-8DAE-C4201BA96415} = {D10527B4-D5DF-3C12-8DAE-C4201BA96415}
		{308D368C-5AB9-3471-989B-E95EAF5D2D1E} = {308D368C-5AB9-3471-989B-E95EAF5D2D1E}
		{BC74DE0F-D7AF-338A-86BF-CAA367916C05} = {BC74DE0F-D7AF-338A-86BF-CAA367916C05}
		{02EDC923-C6CF-30D1-A157-8A89B047B6E0} = {02EDC923-C6CF-30D1-A157-8A89B047B6E0}
	EndProjectSection
EndProject
Project("{8BC9CEB8-8B4A-11D0-8D11-00A0C91BC942}") = "INSTALL", "INSTALL.vcxproj", "{DCA5845F-E92C-3D02-B753-8B02C390931B}"
	ProjectSection(ProjectDependencies) = postProject
		{83B0A416-B39F-3F02-BAB1-9E82F46699AA} = {83B0A416-B39F-3F02-BAB1-9E82F46699AA}
		{308D368C-5AB9-3471-989B-E95EAF5D2D1E} = {308D368C-5AB9-3471-989B-E95EAF5D2D1E}
	EndProjectSection
EndProject
Project("{8BC9CEB8-8B4A-11D0-8D11-00A0C91BC942}") = "ZERO_CHECK", "ZERO_CHECK.vcxproj", "{308D368C-5AB9-3471-989B-E95EAF5D2D1E}"
	ProjectSection(ProjectDependencies) = postProject
	EndProjectSection
EndProject
Project("{8BC9CEB8-8B4A-11D0-8D11-00A0C91BC942}") = "boing", "res\includes\glfw\examples\boing.vcxproj", "{9962F25F-0648-3286-857E-714349C65C6E}"
	ProjectSection(ProjectDependencies) = postProject
		{308D368C-5AB9-3471-989B-E95EAF5D2D1E} = {308D368C-5AB9-3471-989B-E95EAF5D2D1E}
		{02EDC923-C6CF-30D1-A157-8A89B047B6E0} = {02EDC923-C6CF-30D1-A157-8A89B047B6E0}
	EndProjectSection
EndProject
Project("{8BC9CEB8-8B4A-11D0-8D11-00A0C91BC942}") = "clipboard", "res\includes\glfw\tests\clipboard.vcxproj", "{6788ADC6-DC2B-32F4-A681-A04D2E0D0D5A}"
	ProjectSection(ProjectDependencies) = postProject
		{308D368C-5AB9-3471-989B-E95EAF5D2D1E} = {308D368C-5AB9-3471-989B-E95EAF5D2D1E}
		{02EDC923-C6CF-30D1-A157-8A89B047B6E0} = {02EDC923-C6CF-30D1-A157-8A89B047B6E0}
	EndProjectSection
EndProject
Project("{8BC9CEB8-8B4A-11D0-8D11-00A0C91BC942}") = "cursor", "res\includes\glfw\tests\cursor.vcxproj", "{20727E43-0320-333A-8DDA-03350BD3C70E}"
	ProjectSection(ProjectDependencies) = postProject
		{308D368C-5AB9-3471-989B-E95EAF5D2D1E} = {308D368C-5AB9-3471-989B-E95EAF5D2D1E}
		{02EDC923-C6CF-30D1-A157-8A89B047B6E0} = {02EDC923-C6CF-30D1-A157-8A89B047B6E0}
	EndProjectSection
EndProject
Project("{8BC9CEB8-8B4A-11D0-8D11-00A0C91BC942}") = "empty", "res\includes\glfw\tests\empty.vcxproj", "{89378BF4-DD0B-337B-959F-A1ECF4D4DCF4}"
	ProjectSection(ProjectDependencies) = postProject
		{308D368C-5AB9-3471-989B-E95EAF5D2D1E} = {308D368C-5AB9-3471-989B-E95EAF5D2D1E}
		{02EDC923-C6CF-30D1-A157-8A89B047B6E0} = {02EDC923-C6CF-30D1-A157-8A89B047B6E0}
	EndProjectSection
EndProject
Project("{8BC9CEB8-8B4A-11D0-8D11-00A0C91BC942}") = "events", "res\includes\glfw\tests\events.vcxproj", "{593EB96D-76DD-3B26-8F8E-9D9AF9E79FD2}"
	ProjectSection(ProjectDependencies) = postProject
		{308D368C-5AB9-3471-989B-E95EAF5D2D1E} = {308D368C-5AB9-3471-989B-E95EAF5D2D1E}
		{02EDC923-C6CF-30D1-A157-8A89B047B6E0} = {02EDC923-C6CF-30D1-A157-8A89B047B6E0}
	EndProjectSection
EndProject
Project("{8BC9CEB8-8B4A-11D0-8D11-00A0C91BC942}") = "gamma", "res\includes\glfw\tests\gamma.vcxproj", "{110A372B-8BD8-37B7-8B57-EDB84A2119ED}"
	ProjectSection(ProjectDependencies) = postProject
		{308D368C-5AB9-3471-989B-E95EAF5D2D1E} = {308D368C-5AB9-3471-989B-E95EAF5D2D1E}
		{02EDC923-C6CF-30D1-A157-8A89B047B6E0} = {02EDC923-C6CF-30D1-A157-8A89B047B6E0}
	EndProjectSection
EndProject
Project("{8BC9CEB8-8B4A-11D0-8D11-00A0C91BC942}") = "gears", "res\includes\glfw\examples\gears.vcxproj", "{2BE55D28-4640-38AE-BCA1-8E7E425CC93F}"
	ProjectSection(ProjectDependencies) = postProject
		{308D368C-5AB9-3471-989B-E95EAF5D2D1E} = {308D368C-5AB9-3471-989B-E95EAF5D2D1E}
		{02EDC923-C6CF-30D1-A157-8A89B047B6E0} = {02EDC923-C6CF-30D1-A157-8A89B047B6E0}
	EndProjectSection
EndProject
Project("{8BC9CEB8-8B4A-11D0-8D11-00A0C91BC942}") = "glad", "res\includes\glad\glad.vcxproj", "{BC74DE0F-D7AF-338A-86BF-CAA367916C05}"
	ProjectSection(ProjectDependencies) = postProject
		{308D368C-5AB9-3471-989B-E95EAF5D2D1E} = {308D368C-5AB9-3471-989B-E95EAF5D2D1E}
	EndProjectSection
EndProject
Project("{8BC9CEB8-8B4A-11D0-8D11-00A0C91BC942}") = "glfw", "res\includes\glfw\src\glfw.vcxproj", "{02EDC923-C6CF-30D1-A157-8A89B047B6E0}"
	ProjectSection(ProjectDependencies) = postProject
		{308D368C-5AB9-3471-989B-E95EAF5D2D1E} = {308D368C-5AB9-3471-989B-E95EAF5D2D1E}
	EndProjectSection
EndProject
Project("{8BC9CEB8-8B4A-11D0-8D11-00A0C91BC942}") = "glfwinfo", "res\includes\glfw\tests\glfwinfo.vcxproj", "{F9F8E235-0442-3DAA-A580-26CA04D0F5DA}"
	ProjectSection(ProjectDependencies) = postProject
		{308D368C-5AB9-3471-989B-E95EAF5D2D1E} = {308D368C-5AB9-3471-989B-E95EAF5D2D1E}
		{02EDC923-C6CF-30D1-A157-8A89B047B6E0} = {02EDC923-C6CF-30D1-A157-8A89B047B6E0}
	EndProjectSection
EndProject
Project("{8BC9CEB8-8B4A-11D0-8D11-00A0C91BC942}") = "heightmap", "res\includes\glfw\examples\heightmap.vcxproj", "{6369C295-416B-39D6-99C0-AB5A147147EC}"
	ProjectSection(ProjectDependencies) = postProject
		{308D368C-5AB9-3471-989B-E95EAF5D2D1E} = {308D368C-5AB9-3471-989B-E95EAF5D2D1E}
		{02EDC923-C6CF-30D1-A157-8A89B047B6E0} = {02EDC923-C6CF-30D1-A157-8A89B047B6E0}
	EndProjectSection
EndProject
Project("{8BC9CEB8-8B4A-11D0-8D11-00A0C91BC942}") = "icon", "res\includes\glfw\tests\icon.vcxproj", "{23CF3FF5-08D1-39CF-A514-FC6D36C1C679}"
	ProjectSection(ProjectDependencies) = postProject
		{308D368C-5AB9-3471-989B-E95EAF5D2D1E} = {308D368C-5AB9-3471-989B-E95EAF5D2D1E}
		{02EDC923-C6CF-30D1-A157-8A89B047B6E0} = {02EDC923-C6CF-30D1-A157-8A89B047B6E0}
	EndProjectSection
EndProject
Project("{8BC9CEB8-8B4A-11D0-8D11-00A0C91BC942}") = "iconify", "res\includes\glfw\tests\iconify.vcxproj", "{7DB16897-DE32-3D3F-8439-AC11B0D0FCD0}"
	ProjectSection(ProjectDependencies) = postProject
		{308D368C-5AB9-3471-989B-E95EAF5D2D1E} = {308D368C-5AB9-3471-989B-E95EAF5D2D1E}
		{02EDC923-C6CF-30D1-A157-8A89B047B6E0} = {02EDC923-C6CF-30D1-A157-8A89B047B6E0}
	EndProjectSection
EndProject
Project("{8BC9CEB8-8B4A-11D0-8D11-00A0C91BC942}") = "inputlag", "res\includes\glfw\tests\inputlag.vcxproj", "{FD87BFD1-6A86-3455-8405-96EE8D9EE65C}"
	ProjectSection(ProjectDependencies) = postProject
		{308D368C-5AB9-3471-989B-E95EAF5D2D1E} = {308D368C-5AB9-3471-989B-E95EAF5D2D1E}
		{02EDC923-C6CF-30D1-A157-8A89B047B6E0} = {02EDC923-C6CF-30D1-A157-8A89B047B6E0}
	EndProjectSection
EndProject
Project("{8BC9CEB8-8B4A-11D0-8D11-00A0C91BC942}") = "joysticks", "res\includes\glfw\tests\joysticks.vcxproj", "{FFA95260-FDE9-30EF-AFE9-B7394A81B8E5}"
	ProjectSection(ProjectDependencies) = postProject
		{308D368C-5AB9-3471-989B-E95EAF5D2D1E} = {308D368C-5AB9-3471-989B-E95EAF5D2D1E}
		{02EDC923-C6CF-30D1-A157-8A89B047B6E0} = {02EDC923-C6CF-30D1-A157-8A89B047B6E0}
	EndProjectSection
EndProject
Project("{8BC9CEB8-8B4A-11D0-8D11-00A0C91BC942}") = "monitors", "res\includes\glfw\tests\monitors.vcxproj", "{51FFA91A-C619-3EA0-991B-1A05C016B1FC}"
	ProjectSection(ProjectDependencies) = postProject
		{308D368C-5AB9-3471-989B-E95EAF5D2D1E} = {308D368C-5AB9-3471-989B-E95EAF5D2D1E}
		{02EDC923-C6CF-30D1-A157-8A89B047B6E0} = {02EDC923-C6CF-30D1-A157-8A89B047B6E0}
	EndProjectSection
EndProject
Project("{8BC9CEB8-8B4A-11D0-8D11-00A0C91BC942}") = "msaa", "res\includes\glfw\tests\msaa.vcxproj", "{346EFFCF-7E88-3ABB-9579-189D6FAABA01}"
	ProjectSection(ProjectDependencies) = postProject
		{308D368C-5AB9-3471-989B-E95EAF5D2D1E} = {308D368C-5AB9-3471-989B-E95EAF5D2D1E}
		{02EDC923-C6CF-30D1-A157-8A89B047B6E0} = {02EDC923-C6CF-30D1-A157-8A89B047B6E0}
	EndProjectSection
EndProject
Project("{8BC9CEB8-8B4A-11D0-8D11-00A0C91BC942}") = "offscreen", "res\includes\glfw\examples\offscreen.vcxproj", "{CA1E7A4E-D226-3B99-9FA3-1CA8586B09C0}"
	ProjectSection(ProjectDependencies) = postProject
		{308D368C-5AB9-3471-989B-E95EAF5D2D1E} = {308D368C-5AB9-3471-989B-E95EAF5D2D1E}
		{02EDC923-C6CF-30D1-A157-8A89B047B6E0} = {02EDC923-C6CF-30D1-A157-8A89B047B6E0}
	EndProjectSection
EndProject
Project("{8BC9CEB8-8B4A-11D0-8D11-00A0C91BC942}") = "opacity", "res\includes\glfw\tests\opacity.vcxproj", "{93C1E329-B4BE-3E96-B1CA-F4BB2AC466E9}"
	ProjectSection(ProjectDependencies) = postProject
		{308D368C-5AB9-3471-989B-E95EAF5D2D1E} = {308D368C-5AB9-3471-989B-E95EAF5D2D1E}
		{02EDC923-C6CF-30D1-A157-8A89B047B6E0} = {02EDC923-C6CF-30D1-A157-8A89B047B6E0}
	EndProjectSection
EndProject
Project("{8BC9CEB8-8B4A-11D0-8D11-00A0C91BC942}") = "particles", "res\includes\glfw\examples\particles.vcxproj", "{C8E4C03E-D5CC-3370-8DDF-CECEF39A16EB}"
	ProjectSection(ProjectDependencies) = postProject
		{308D368C-5AB9-3471-989B-E95EAF5D2D1E} = {308D368C-5AB9-3471-989B-E95EAF5D2D1E}
		{02EDC923-C6CF-30D1-A157-8A89B047B6E0} = {02EDC923-C6CF-30D1-A157-8A89B047B6E0}
	EndProjectSection
EndProject
Project("{8BC9CEB8-8B4A-11D0-8D11-00A0C91BC942}") = "reopen", "res\includes\glfw\tests\reopen.vcxproj", "{B9BCCEA0-00C3-33B3-A4BA-1467779FC57C}"
	ProjectSection(ProjectDependencies) = postProject
		{308D368C-5AB9-3471-989B-E95EAF5D2D1E} = {308D368C-5AB9-3471-989B-E95EAF5D2D1E}
		{02EDC923-C6CF-30D1-A157-8A89B047B6E0} = {02EDC923-C6CF-30D1-A157-8A89B047B6E0}
	EndProjectSection
EndProject
Project("{8BC9CEB8-8B4A-11D0-8D11-00A0C91BC942}") = "sharing", "res\includes\glfw\examples\sharing.vcxproj", "{419152F9-6D14-3EA1-9B55-548D7A075689}"
	ProjectSection(ProjectDependencies) = postProject
		{308D368C-5AB9-3471-989B-E95EAF5D2D1E} = {308D368C-5AB9-3471-989B-E95EAF5D2D1E}
		{02EDC923-C6CF-30D1-A157-8A89B047B6E0} = {02EDC923-C6CF-30D1-A157-8A89B047B6E0}
	EndProjectSection
EndProject
Project("{8BC9CEB8-8B4A-11D0-8D11-00A0C91BC942}") = "simple", "res\includes\glfw\examples\simple.vcxproj", "{272FD4A1-D37E-3733-9FEF-10054998B5B5}"
	ProjectSection(ProjectDependencies) = postProject
		{308D368C-5AB9-3471-989B-E95EAF5D2D1E} = {308D368C-5AB9-3471-989B-E95EAF5D2D1E}
		{02EDC923-C6CF-30D1-A157-8A89B047B6E0} = {02EDC923-C6CF-30D1-A157-8A89B047B6E0}
	EndProjectSection
EndProject
Project("{8BC9CEB8-8B4A-11D0-8D11-00A0C91BC942}") = "splitview", "res\includes\glfw\examples\splitview.vcxproj", "{5C625632-5D7D-3492-9A02-A19F70EB4D50}"
	ProjectSection(ProjectDependencies) = postProject
		{308D368C-5AB9-3471-989B-E95EAF5D2D1E} = {308D368C-5AB9-3471-989B-E95EAF5D2D1E}
		{02EDC923-C6CF-30D1-A157-8A89B047B6E0} = {02EDC923-C6CF-30D1-A157-8A89B047B6E0}
	EndProjectSection
EndProject
Project("{8BC9CEB8-8B4A-11D0-8D11-00A0C91BC942}") = "tearing", "res\includes\glfw\tests\tearing.vcxproj", "{34FEA953-945D-3F6F-BF83-3FC56B13348F}"
	ProjectSection(ProjectDependencies) = postProject
		{308D368C-5AB9-3471-989B-E95EAF5D2D1E} = {308D368C-5AB9-3471-989B-E95EAF5D2D1E}
		{02EDC923-C6CF-30D1-A157-8A89B047B6E0} = {02EDC923-C6CF-30D1-A157-8A89B047B6E0}
	EndProjectSection
EndProject
Project("{8BC9CEB8-8B4A-11D0-8D11-00A0C91BC942}") = "threads", "res\includes\glfw\tests\threads.vcxproj", "{FE38374E-63CB-38A1-B746-72AEC1093427}"
	ProjectSection(ProjectDependencies) = postProject
		{308D368C-5AB9-3471-989B-E95EAF5D2D1E} = {308D368C-5AB9-3471-989B-E95EAF5D2D1E}
		{02EDC923-C6CF-30D1-A157-8A89B047B6E0} = {02EDC923-C6CF-30D1-A157-8A89B047B6E0}
	EndProjectSection
EndProject
Project("{8BC9CEB8-8B4A-11D0-8D11-00A0C91BC942}") = "timeout", "res\includes\glfw\tests\timeout.vcxproj", "{334D2A77-5113-35D3-B8F3-77321D20387C}"
	ProjectSection(ProjectDependencies) = postProject
		{308D368C-5AB9-3471-989B-E95EAF5D2D1E} = {308D368C-5AB9-3471-989B-E95EAF5D2D1E}
		{02EDC923-C6CF-30D1-A157-8A89B047B6E0} = {02EDC923-C6CF-30D1-A157-8A89B047B6E0}
	EndProjectSection
EndProject
Project("{8BC9CEB8-8B4A-11D0-8D11-00A0C91BC942}") = "title", "res\includes\glfw\tests\title.vcxproj", "{254D7506-04C3-3979-9AE7-D1667D683FB9}"
	ProjectSection(ProjectDependencies) = postProject
		{308D368C-5AB9-3471-989B-E95EAF5D2D1E} = {308D368C-5AB9-3471-989B-E95EAF5D2D1E}
		{02EDC923-C6CF-30D1-A157-8A89B047B6E0} = {02EDC923-C6CF-30D1-A157-8A89B047B6E0}
	EndProjectSection
EndProject
Project("{8BC9CEB8-8B4A-11D0-8D11-00A0C91BC942}") = "uninstall", "res\includes\glfw\uninstall.vcxproj", "{AA8014E0-A518-3F29-B780-EF097B21DF2B}"
	ProjectSection(ProjectDependencies) = postProject
		{308D368C-5AB9-3471-989B-E95EAF5D2D1E} = {308D368C-5AB9-3471-989B-E95EAF5D2D1E}
	EndProjectSection
EndProject
Project("{8BC9CEB8-8B4A-11D0-8D11-00A0C91BC942}") = "vulkan", "res\includes\glfw\tests\vulkan.vcxproj", "{13904526-36F5-3323-A1AF-E40D36CE2808}"
	ProjectSection(ProjectDependencies) = postProject
		{308D368C-5AB9-3471-989B-E95EAF5D2D1E} = {308D368C-5AB9-3471-989B-E95EAF5D2D1E}
		{02EDC923-C6CF-30D1-A157-8A89B047B6E0} = {02EDC923-C6CF-30D1-A157-8A89B047B6E0}
	EndProjectSection
EndProject
Project("{8BC9CEB8-8B4A-11D0-8D11-00A0C91BC942}") = "wave", "res\includes\glfw\examples\wave.vcxproj", "{29CA42EC-04AC-32F2-9DB3-BABAA4701088}"
	ProjectSection(ProjectDependencies) = postProject
		{308D368C-5AB9-3471-989B-E95EAF5D2D1E} = {308D368C-5AB9-3471-989B-E95EAF5D2D1E}
		{02EDC923-C6CF-30D1-A157-8A89B047B6E0} = {02EDC923-C6CF-30D1-A157-8A89B047B6E0}
	EndProjectSection
EndProject
Project("{8BC9CEB8-8B4A-11D0-8D11-00A0C91BC942}") = "windows", "res\includes\glfw\tests\windows.vcxproj", "{3463F2BE-5D39-3124-9269-32148761EA91}"
	ProjectSection(ProjectDependencies) = postProject
		{308D368C-5AB9-3471-989B-E95EAF5D2D1E} = {308D368C-5AB9-3471-989B-E95EAF5D2D1E}
		{02EDC923-C6CF-30D1-A157-8A89B047B6E0} = {02EDC923-C6CF-30D1-A157-8A89B047B6E0}
	EndProjectSection
EndProject
Global
	GlobalSection(SolutionConfigurationPlatforms) = preSolution
		Debug|x64 = Debug|x64
		Release|x64 = Release|x64
		MinSizeRel|x64 = MinSizeRel|x64
		RelWithDebInfo|x64 = RelWithDebInfo|x64
	EndGlobalSection
	GlobalSection(ProjectConfigurationPlatforms) = postSolution
		{83B0A416-B39F-3F02-BAB1-9E82F46699AA}.Debug|x64.ActiveCfg = Debug|x64
		{83B0A416-B39F-3F02-BAB1-9E82F46699AA}.Debug|x64.Build.0 = Debug|x64
		{83B0A416-B39F-3F02-BAB1-9E82F46699AA}.Release|x64.ActiveCfg = Release|x64
		{83B0A416-B39F-3F02-BAB1-9E82F46699AA}.Release|x64.Build.0 = Release|x64
		{83B0A416-B39F-3F02-BAB1-9E82F46699AA}.MinSizeRel|x64.ActiveCfg = MinSizeRel|x64
		{83B0A416-B39F-3F02-BAB1-9E82F46699AA}.MinSizeRel|x64.Build.0 = MinSizeRel|x64
		{83B0A416-B39F-3F02-BAB1-9E82F46699AA}.RelWithDebInfo|x64.ActiveCfg = RelWithDebInfo|x64
		{83B0A416-B39F-3F02-BAB1-9E82F46699AA}.RelWithDebInfo|x64.Build.0 = RelWithDebInfo|x64
		{C7380F4C-E4C2-304F-8B60-BF99100AD27F}.Debug|x64.ActiveCfg = Debug|x64
		{C7380F4C-E4C2-304F-8B60-BF99100AD27F}.Debug|x64.Build.0 = Debug|x64
		{C7380F4C-E4C2-304F-8B60-BF99100AD27F}.Release|x64.ActiveCfg = Release|x64
		{C7380F4C-E4C2-304F-8B60-BF99100AD27F}.Release|x64.Build.0 = Release|x64
		{C7380F4C-E4C2-304F-8B60-BF99100AD27F}.MinSizeRel|x64.ActiveCfg = MinSizeRel|x64
		{C7380F4C-E4C2-304F-8B60-BF99100AD27F}.MinSizeRel|x64.Build.0 = MinSizeRel|x64
		{C7380F4C-E4C2-304F-8B60-BF99100AD27F}.RelWithDebInfo|x64.ActiveCfg = RelWithDebInfo|x64
		{C7380F4C-E4C2-304F-8B60-BF99100AD27F}.RelWithDebInfo|x64.Build.0 = RelWithDebInfo|x64
		{D10527B4-D5DF-3C12-8DAE-C4201BA96415}.Debug|x64.ActiveCfg = Debug|x64
		{D10527B4-D5DF-3C12-8DAE-C4201BA96415}.Debug|x64.Build.0 = Debug|x64
		{D10527B4-D5DF-3C12-8DAE-C4201BA96415}.Release|x64.ActiveCfg = Release|x64
		{D10527B4-D5DF-3C12-8DAE-C4201BA96415}.Release|x64.Build.0 = Release|x64
		{D10527B4-D5DF-3C12-8DAE-C4201BA96415}.MinSizeRel|x64.ActiveCfg = MinSizeRel|x64
		{D10527B4-D5DF-3C12-8DAE-C4201BA96415}.MinSizeRel|x64.Build.0 = MinSizeRel|x64
		{D10527B4-D5DF-3C12-8DAE-C4201BA96415}.RelWithDebInfo|x64.ActiveCfg = RelWithDebInfo|x64
		{D10527B4-D5DF-3C12-8DAE-C4201BA96415}.RelWithDebInfo|x64.Build.0 = RelWithDebInfo|x64
		{595BF094-4432-3635-AE07-ABDEEB8D805F}.Debug|x64.ActiveCfg = Debug|x64
		{595BF094-4432-3635-AE07-ABDEEB8D805F}.Debug|x64.Build.0 = Debug|x64
		{595BF094-4432-3635-AE07-ABDEEB8D805F}.Release|x64.ActiveCfg = Release|x64
		{595BF094-4432-3635-AE07-ABDEEB8D805F}.Release|x64.Build.0 = Release|x64
		{595BF094-4432-3635-AE07-ABDEEB8D805F}.MinSizeRel|x64.ActiveCfg = MinSizeRel|x64
		{595BF094-4432-3635-AE07-ABDEEB8D805F}.MinSizeRel|x64.Build.0 = MinSizeRel|x64
		{595BF094-4432-3635-AE07-ABDEEB8D805F}.RelWithDebInfo|x64.ActiveCfg = RelWithDebInfo|x64
		{595BF094-4432-3635-AE07-ABDEEB8D805F}.RelWithDebInfo|x64.Build.0 = RelWithDebInfo|x64
		{DCA5845F-E92C-3D02-B753-8B02C390931B}.Debug|x64.ActiveCfg = Debug|x64
		{DCA5845F-E92C-3D02-B753-8B02C390931B}.Release|x64.ActiveCfg = Release|x64
		{DCA5845F-E92C-3D02-B753-8B02C390931B}.MinSizeRel|x64.ActiveCfg = MinSizeRel|x64
		{DCA5845F-E92C-3D02-B753-8B02C390931B}.RelWithDebInfo|x64.ActiveCfg = RelWithDebInfo|x64
		{308D368C-5AB9-3471-989B-E95EAF5D2D1E}.Debug|x64.ActiveCfg = Debug|x64
		{308D368C-5AB9-3471-989B-E95EAF5D2D1E}.Debug|x64.Build.0 = Debug|x64
		{308D368C-5AB9-3471-989B-E95EAF5D2D1E}.Release|x64.ActiveCfg = Release|x64
		{308D368C-5AB9-3471-989B-E95EAF5D2D1E}.Release|x64.Build.0 = Release|x64
		{308D368C-5AB9-3471-989B-E95EAF5D2D1E}.MinSizeRel|x64.ActiveCfg = MinSizeRel|x64
		{308D368C-5AB9-3471-989B-E95EAF5D2D1E}.MinSizeRel|x64.Build.0 = MinSizeRel|x64
		{308D368C-5AB9-3471-989B-E95EAF5D2D1E}.RelWithDebInfo|x64.ActiveCfg = RelWithDebInfo|x64
		{308D368C-5AB9-3471-989B-E95EAF5D2D1E}.RelWithDebInfo|x64.Build.0 = RelWithDebInfo|x64
		{9962F25F-0648-3286-857E-714349C65C6E}.Debug|x64.ActiveCfg = Debug|x64
		{9962F25F-0648-3286-857E-714349C65C6E}.Debug|x64.Build.0 = Debug|x64
		{9962F25F-0648-3286-857E-714349C65C6E}.Release|x64.ActiveCfg = Release|x64
		{9962F25F-0648-3286-857E-714349C65C6E}.Release|x64.Build.0 = Release|x64
		{9962F25F-0648-3286-857E-714349C65C6E}.MinSizeRel|x64.ActiveCfg = MinSizeRel|x64
		{9962F25F-0648-3286-857E-714349C65C6E}.MinSizeRel|x64.Build.0 = MinSizeRel|x64
		{9962F25F-0648-3286-857E-714349C65C6E}.RelWithDebInfo|x64.ActiveCfg = RelWithDebInfo|x64
		{9962F25F-0648-3286-857E-714349C65C6E}.RelWithDebInfo|x64.Build.0 = RelWithDebInfo|x64
		{6788ADC6-DC2B-32F4-A681-A04D2E0D0D5A}.Debug|x64.ActiveCfg = Debug|x64
		{6788ADC6-DC2B-32F4-A681-A04D2E0D0D5A}.Debug|x64.Build.0 = Debug|x64
		{6788ADC6-DC2B-32F4-A681-A04D2E0D0D5A}.Release|x64.ActiveCfg = Release|x64
		{6788ADC6-DC2B-32F4-A681-A04D2E0D0D5A}.Release|x64.Build.0 = Release|x64
		{6788ADC6-DC2B-32F4-A681-A04D2E0D0D5A}.MinSizeRel|x64.ActiveCfg = MinSizeRel|x64
		{6788ADC6-DC2B-32F4-A681-A04D2E0D0D5A}.MinSizeRel|x64.Build.0 = MinSizeRel|x64
		{6788ADC6-DC2B-32F4-A681-A04D2E0D0D5A}.RelWithDebInfo|x64.ActiveCfg = RelWithDebInfo|x64
		{6788ADC6-DC2B-32F4-A681-A04D2E0D0D5A}.RelWithDebInfo|x64.Build.0 = RelWithDebInfo|x64
		{20727E43-0320-333A-8DDA-03350BD3C70E}.Debug|x64.ActiveCfg = Debug|x64
		{20727E43-0320-333A-8DDA-03350BD3C70E}.Debug|x64.Build.0 = Debug|x64
		{20727E43-0320-333A-8DDA-03350BD3C70E}.Release|x64.ActiveCfg = Release|x64
		{20727E43-0320-333A-8DDA-03350BD3C70E}.Release|x64.Build.0 = Release|x64
		{20727E43-0320-333A-8DDA-03350BD3C70E}.MinSizeRel|x64.ActiveCfg = MinSizeRel|x64
		{20727E43-0320-333A-8DDA-03350BD3C70E}.MinSizeRel|x64.Build.0 = MinSizeRel|x64
		{20727E43-0320-333A-8DDA-03350BD3C70E}.RelWithDebInfo|x64.ActiveCfg = RelWithDebInfo|x64
		{20727E43-0320-333A-8DDA-03350BD3C70E}.RelWithDebInfo|x64.Build.0 = RelWithDebInfo|x64
		{89378BF4-DD0B-337B-959F-A1ECF4D4DCF4}.Debug|x64.ActiveCfg = Debug|x64
		{89378BF4-DD0B-337B-959F-A1ECF4D4DCF4}.Debug|x64.Build.0 = Debug|x64
		{89378BF4-DD0B-337B-959F-A1ECF4D4DCF4}.Release|x64.ActiveCfg = Release|x64
		{89378BF4-DD0B-337B-959F-A1ECF4D4DCF4}.Release|x64.Build.0 = Release|x64
		{89378BF4-DD0B-337B-959F-A1ECF4D4DCF4}.MinSizeRel|x64.ActiveCfg = MinSizeRel|x64
		{89378BF4-DD0B-337B-959F-A1ECF4D4DCF4}.MinSizeRel|x64.Build.0 = MinSizeRel|x64
		{89378BF4-DD0B-337B-959F-A1ECF4D4DCF4}.RelWithDebInfo|x64.ActiveCfg = RelWithDebInfo|x64
		{89378BF4-DD0B-337B-959F-A1ECF4D4DCF4}.RelWithDebInfo|x64.Build.0 = RelWithDebInfo|x64
		{593EB96D-76DD-3B26-8F8E-9D9AF9E79FD2}.Debug|x64.ActiveCfg = Debug|x64
		{593EB96D-76DD-3B26-8F8E-9D9AF9E79FD2}.Debug|x64.Build.0 = Debug|x64
		{593EB96D-76DD-3B26-8F8E-9D9AF9E79FD2}.Release|x64.ActiveCfg = Release|x64
		{593EB96D-76DD-3B26-8F8E-9D9AF9E79FD2}.Release|x64.Build.0 = Release|x64
		{593EB96D-76DD-3B26-8F8E-9D9AF9E79FD2}.MinSizeRel|x64.ActiveCfg = MinSizeRel|x64
		{593EB96D-76DD-3B26-8F8E-9D9AF9E79FD2}.MinSizeRel|x64.Build.0 = MinSizeRel|x64
		{593EB96D-76DD-3B26-8F8E-9D9AF9E79FD2}.RelWithDebInfo|x64.ActiveCfg = RelWithDebInfo|x64
		{593EB96D-76DD-3B26-8F8E-9D9AF9E79FD2}.RelWithDebInfo|x64.Build.0 = RelWithDebInfo|x64
		{110A372B-8BD8-37B7-8B57-EDB84A2119ED}.Debug|x64.ActiveCfg = Debug|x64
		{110A372B-8BD8-37B7-8B57-EDB84A2119ED}.Debug|x64.Build.0 = Debug|x64
		{110A372B-8BD8-37B7-8B57-EDB84A2119ED}.Release|x64.ActiveCfg = Release|x64
		{110A372B-8BD8-37B7-8B57-EDB84A2119ED}.Release|x64.Build.0 = Release|x64
		{110A372B-8BD8-37B7-8B57-EDB84A2119ED}.MinSizeRel|x64.ActiveCfg = MinSizeRel|x64
		{110A372B-8BD8-37B7-8B57-EDB84A2119ED}.MinSizeRel|x64.Build.0 = MinSizeRel|x64
		{110A372B-8BD8-37B7-8B57-EDB84A2119ED}.RelWithDebInfo|x64.ActiveCfg = RelWithDebInfo|x64
		{110A372B-8BD8-37B7-8B57-EDB84A2119ED}.RelWithDebInfo|x64.Build.0 = RelWithDebInfo|x64
		{2BE55D28-4640-38AE-BCA1-8E7E425CC93F}.Debug|x64.ActiveCfg = Debug|x64
		{2BE55D28-4640-38AE-BCA1-8E7E425CC93F}.Debug|x64.Build.0 = Debug|x64
		{2BE55D28-4640-38AE-BCA1-8E7E425CC93F}.Release|x64.ActiveCfg = Release|x64
		{2BE55D28-4640-38AE-BCA1-8E7E425CC93F}.Release|x64.Build.0 = Release|x64
		{2BE55D28-4640-38AE-BCA1-8E7E425CC93F}.MinSizeRel|x64.ActiveCfg = MinSizeRel|x64
		{2BE55D28-4640-38AE-BCA1-8E7E425CC93F}.MinSizeRel|x64.Build.0 = MinSizeRel|x64
		{2BE55D28-4640-38AE-BCA1-8E7E425CC93F}.RelWithDebInfo|x64.ActiveCfg = RelWithDebInfo|x64
		{2BE55D28-4640-38AE-BCA1-8E7E425CC93F}.RelWithDebInfo|x64.Build.0 = RelWithDebInfo|x64
		{BC74DE0F-D7AF-338A-86BF-CAA367916C05}.Debug|x64.ActiveCfg = Debug|x64
		{BC74DE0F-D7AF-338A-86BF-CAA367916C05}.Debug|x64.Build.0 = Debug|x64
		{BC74DE0F-D7AF-338A-86BF-CAA367916C05}.Release|x64.ActiveCfg = Release|x64
		{BC74DE0F-D7AF-338A-86BF-CAA367916C05}.Release|x64.Build.0 = Release|x64
		{BC74DE0F-D7AF-338A-86BF-CAA367916C05}.MinSizeRel|x64.ActiveCfg = MinSizeRel|x64
		{BC74DE0F-D7AF-338A-86BF-CAA367916C05}.MinSizeRel|x64.Build.0 = MinSizeRel|x64
		{BC74DE0F-D7AF-338A-86BF-CAA367916C05}.RelWithDebInfo|x64.ActiveCfg = RelWithDebInfo|x64
		{BC74DE0F-D7AF-338A-86BF-CAA367916C05}.RelWithDebInfo|x64.Build.0 = RelWithDebInfo|x64
		{02EDC923-C6CF-30D1-A157-8A89B047B6E0}.Debug|x64.ActiveCfg = Debug|x64
		{02EDC923-C6CF-30D1-A157-8A89B047B6E0}.Debug|x64.Build.0 = Debug|x64
		{02EDC923-C6CF-30D1-A157-8A89B047B6E0}.Release|x64.ActiveCfg = Release|x64
		{02EDC923-C6CF-30D1-A157-8A89B047B6E0}.Release|x64.Build.0 = Release|x64
		{02EDC923-C6CF-30D1-A157-8A89B047B6E0}.MinSizeRel|x64.ActiveCfg = MinSizeRel|x64
		{02EDC923-C6CF-30D1-A157-8A89B047B6E0}.MinSizeRel|x64.Build.0 = MinSizeRel|x64
		{02EDC923-C6CF-30D1-A157-8A89B047B6E0}.RelWithDebInfo|x64.ActiveCfg = RelWithDebInfo|x64
		{02EDC923-C6CF-30D1-A157-8A89B047B6E0}.RelWithDebInfo|x64.Build.0 = RelWithDebInfo|x64
		{F9F8E235-0442-3DAA-A580-26CA04D0F5DA}.Debug|x64.ActiveCfg = Debug|x64
		{F9F8E235-0442-3DAA-A580-26CA04D0F5DA}.Debug|x64.Build.0 = Debug|x64
		{F9F8E235-0442-3DAA-A580-26CA04D0F5DA}.Release|x64.ActiveCfg = Release|x64
		{F9F8E235-0442-3DAA-A580-26CA04D0F5DA}.Release|x64.Build.0 = Release|x64
		{F9F8E235-0442-3DAA-A580-26CA04D0F5DA}.MinSizeRel|x64.ActiveCfg = MinSizeRel|x64
		{F9F8E235-0442-3DAA-A580-26CA04D0F5DA}.MinSizeRel|x64.Build.0 = MinSizeRel|x64
		{F9F8E235-0442-3DAA-A580-26CA04D0F5DA}.RelWithDebInfo|x64.ActiveCfg = RelWithDebInfo|x64
		{F9F8E235-0442-3DAA-A580-26CA04D0F5DA}.RelWithDebInfo|x64.Build.0 = RelWithDebInfo|x64
		{6369C295-416B-39D6-99C0-AB5A147147EC}.Debug|x64.ActiveCfg = Debug|x64
		{6369C295-416B-39D6-99C0-AB5A147147EC}.Debug|x64.Build.0 = Debug|x64
		{6369C295-416B-39D6-99C0-AB5A147147EC}.Release|x64.ActiveCfg = Release|x64
		{6369C295-416B-39D6-99C0-AB5A147147EC}.Release|x64.Build.0 = Release|x64
		{6369C295-416B-39D6-99C0-AB5A147147EC}.MinSizeRel|x64.ActiveCfg = MinSizeRel|x64
		{6369C295-416B-39D6-99C0-AB5A147147EC}.MinSizeRel|x64.Build.0 = MinSizeRel|x64
		{6369C295-416B-39D6-99C0-AB5A147147EC}.RelWithDebInfo|x64.ActiveCfg = RelWithDebInfo|x64
		{6369C295-416B-39D6-99C0-AB5A147147EC}.RelWithDebInfo|x64.Build.0 = RelWithDebInfo|x64
		{23CF3FF5-08D1-39CF-A514-FC6D36C1C679}.Debug|x64.ActiveCfg = Debug|x64
		{23CF3FF5-08D1-39CF-A514-FC6D36C1C679}.Debug|x64.Build.0 = Debug|x64
		{23CF3FF5-08D1-39CF-A514-FC6D36C1C679}.Release|x64.ActiveCfg = Release|x64
		{23CF3FF5-08D1-39CF-A514-FC6D36C1C679}.Release|x64.Build.0 = Release|x64
		{23CF3FF5-08D1-39CF-A514-FC6D36C1C679}.MinSizeRel|x64.ActiveCfg = MinSizeRel|x64
		{23CF3FF5-08D1-39CF-A514-FC6D36C1C679}.MinSizeRel|x64.Build.0 = MinSizeRel|x64
		{23CF3FF5-08D1-39CF-A514-FC6D36C1C679}.RelWithDebInfo|x64.ActiveCfg = RelWithDebInfo|x64
		{23CF3FF5-08D1-39CF-A514-FC6D36C1C679}.RelWithDebInfo|x64.Build.0 = RelWithDebInfo|x64
		{7DB16897-DE32-3D3F-8439-AC11B0D0FCD0}.Debug|x64.ActiveCfg = Debug|x64
		{7DB16897-DE32-3D3F-8439-AC11B0D0FCD0}.Debug|x64.Build.0 = Debug|x64
		{7DB16897-DE32-3D3F-8439-AC11B0D0FCD0}.Release|x64.ActiveCfg = Release|x64
		{7DB16897-DE32-3D3F-8439-AC11B0D0FCD0}.Release|x64.Build.0 = Release|x64
		{7DB16897-DE32-3D3F-8439-AC11B0D0FCD0}.MinSizeRel|x64.ActiveCfg = MinSizeRel|x64
		{7DB16897-DE32-3D3F-8439-AC11B0D0FCD0}.MinSizeRel|x64.Build.0 = MinSizeRel|x64
		{7DB16897-DE32-3D3F-8439-AC11B0D0FCD0}.RelWithDebInfo|x64.ActiveCfg = RelWithDebInfo|x64
		{7DB16897-DE32-3D3F-8439-AC11B0D0FCD0}.RelWithDebInfo|x64.Build.0 = RelWithDebInfo|x64
		{FD87BFD1-6A86-3455-8405-96EE8D9EE65C}.Debug|x64.ActiveCfg = Debug|x64
		{FD87BFD1-6A86-3455-8405-96EE8D9EE65C}.Debug|x64.Build.0 = Debug|x64
		{FD87BFD1-6A86-3455-8405-96EE8D9EE65C}.Release|x64.ActiveCfg = Release|x64
		{FD87BFD1-6A86-3455-8405-96EE8D9EE65C}.Release|x64.Build.0 = Release|x64
		{FD87BFD1-6A86-3455-8405-96EE8D9EE65C}.MinSizeRel|x64.ActiveCfg = MinSizeRel|x64
		{FD87BFD1-6A86-3455-8405-96EE8D9EE65C}.MinSizeRel|x64.Build.0 = MinSizeRel|x64
		{FD87BFD1-6A86-3455-8405-96EE8D9EE65C}.RelWithDebInfo|x64.ActiveCfg = RelWithDebInfo|x64
		{FD87BFD1-6A86-3455-8405-96EE8D9EE65C}.RelWithDebInfo|x64.Build.0 = RelWithDebInfo|x64
		{FFA95260-FDE9-30EF-AFE9-B7394A81B8E5}.Debug|x64.ActiveCfg = Debug|x64
		{FFA95260-FDE9-30EF-AFE9-B7394A81B8E5}.Debug|x64.Build.0 = Debug|x64
		{FFA95260-FDE9-30EF-AFE9-B7394A81B8E5}.Release|x64.ActiveCfg = Release|x64
		{FFA95260-FDE9-30EF-AFE9-B7394A81B8E5}.Release|x64.Build.0 = Release|x64
		{FFA95260-FDE9-30EF-AFE9-B7394A81B8E5}.MinSizeRel|x64.ActiveCfg = MinSizeRel|x64
		{FFA95260-FDE9-30EF-AFE9-B7394A81B8E5}.MinSizeRel|x64.Build.0 = MinSizeRel|x64
		{FFA95260-FDE9-30EF-AFE9-B7394A81B8E5}.RelWithDebInfo|x64.ActiveCfg = RelWithDebInfo|x64
		{FFA95260-FDE9-30EF-AFE9-B7394A81B8E5}.RelWithDebInfo|x64.Build.0 = RelWithDebInfo|x64
		{51FFA91A-C619-3EA0-991B-1A05C016B1FC}.Debug|x64.ActiveCfg = Debug|x64
		{51FFA91A-C619-3EA0-991B-1A05C016B1FC}.Debug|x64.Build.0 = Debug|x64
		{51FFA91A-C619-3EA0-991B-1A05C016B1FC}.Release|x64.ActiveCfg = Release|x64
		{51FFA91A-C619-3EA0-991B-1A05C016B1FC}.Release|x64.Build.0 = Release|x64
		{51FFA91A-C619-3EA0-991B-1A05C016B1FC}.MinSizeRel|x64.ActiveCfg = MinSizeRel|x64
		{51FFA91A-C619-3EA0-991B-1A05C016B1FC}.MinSizeRel|x64.Build.0 = MinSizeRel|x64
		{51FFA91A-C619-3EA0-991B-1A05C016B1FC}.RelWithDebInfo|x64.ActiveCfg = RelWithDebInfo|x64
		{51FFA91A-C619-3EA0-991B-1A05C016B1FC}.RelWithDebInfo|x64.Build.0 = RelWithDebInfo|x64
		{346EFFCF-7E88-3ABB-9579-189D6FAABA01}.Debug|x64.ActiveCfg = Debug|x64
		{346EFFCF-7E88-3ABB-9579-189D6FAABA01}.Debug|x64.Build.0 = Debug|x64
		{346EFFCF-7E88-3ABB-9579-189D6FAABA01}.Release|x64.ActiveCfg = Release|x64
		{346EFFCF-7E88-3ABB-9579-189D6FAABA01}.Release|x64.Build.0 = Release|x64
		{346EFFCF-7E88-3ABB-9579-189D6FAABA01}.MinSizeRel|x64.ActiveCfg = MinSizeRel|x64
		{346EFFCF-7E88-3ABB-9579-189D6FAABA01}.MinSizeRel|x64.Build.0 = MinSizeRel|x64
		{346EFFCF-7E88-3ABB-9579-189D6FAABA01}.RelWithDebInfo|x64.ActiveCfg = RelWithDebInfo|x64
		{346EFFCF-7E88-3ABB-9579-189D6FAABA01}.RelWithDebInfo|x64.Build.0 = RelWithDebInfo|x64
		{CA1E7A4E-D226-3B99-9FA3-1CA8586B09C0}.Debug|x64.ActiveCfg = Debug|x64
		{CA1E7A4E-D226-3B99-9FA3-1CA8586B09C0}.Debug|x64.Build.0 = Debug|x64
		{CA1E7A4E-D226-3B99-9FA3-1CA8586B09C0}.Release|x64.ActiveCfg = Release|x64
		{CA1E7A4E-D226-3B99-9FA3-1CA8586B09C0}.Release|x64.Build.0 = Release|x64
		{CA1E7A4E-D226-3B99-9FA3-1CA8586B09C0}.MinSizeRel|x64.ActiveCfg = MinSizeRel|x64
		{CA1E7A4E-D226-3B99-9FA3-1CA8586B09C0}.MinSizeRel|x64.Build.0 = MinSizeRel|x64
		{CA1E7A4E-D226-3B99-9FA3-1CA8586B09C0}.RelWithDebInfo|x64.ActiveCfg = RelWithDebInfo|x64
		{CA1E7A4E-D226-3B99-9FA3-1CA8586B09C0}.RelWithDebInfo|x64.Build.0 = RelWithDebInfo|x64
		{93C1E329-B4BE-3E96-B1CA-F4BB2AC466E9}.Debug|x64.ActiveCfg = Debug|x64
		{93C1E329-B4BE-3E96-B1CA-F4BB2AC466E9}.Debug|x64.Build.0 = Debug|x64
		{93C1E329-B4BE-3E96-B1CA-F4BB2AC466E9}.Release|x64.ActiveCfg = Release|x64
		{93C1E329-B4BE-3E96-B1CA-F4BB2AC466E9}.Release|x64.Build.0 = Release|x64
		{93C1E329-B4BE-3E96-B1CA-F4BB2AC466E9}.MinSizeRel|x64.ActiveCfg = MinSizeRel|x64
		{93C1E329-B4BE-3E96-B1CA-F4BB2AC466E9}.MinSizeRel|x64.Build.0 = MinSizeRel|x64
		{93C1E329-B4BE-3E96-B1CA-F4BB2AC466E9}.RelWithDebInfo|x64.ActiveCfg = RelWithDebInfo|x64
		{93C1E329-B4BE-3E96-B1CA-F4BB2AC466E9}.RelWithDebInfo|x64.Build.0 = RelWithDebInfo|x64
		{C8E4C03E-D5CC-3370-8DDF-CECEF39A16EB}.Debug|x64.ActiveCfg = Debug|x64
		{C8E4C03E-D5CC-3370-8DDF-CECEF39A16EB}.Debug|x64.Build.0 = Debug|x64
		{C8E4C03E-D5CC-3370-8DDF-CECEF39A16EB}.Release|x64.ActiveCfg = Release|x64
		{C8E4C03E-D5CC-3370-8DDF-CECEF39A16EB}.Release|x64.Build.0 = Release|x64
		{C8E4C03E-D5CC-3370-8DDF-CECEF39A16EB}.MinSizeRel|x64.ActiveCfg = MinSizeRel|x64
		{C8E4C03E-D5CC-3370-8DDF-CECEF39A16EB}.MinSizeRel|x64.Build.0 = MinSizeRel|x64
		{C8E4C03E-D5CC-3370-8DDF-CECEF39A16EB}.RelWithDebInfo|x64.ActiveCfg = RelWithDebInfo|x64
		{C8E4C03E-D5CC-3370-8DDF-CECEF39A16EB}.RelWithDebInfo|x64.Build.0 = RelWithDebInfo|x64
		{B9BCCEA0-00C3-33B3-A4BA-1467779FC57C}.Debug|x64.ActiveCfg = Debug|x64
		{B9BCCEA0-00C3-33B3-A4BA-1467779FC57C}.Debug|x64.Build.0 = Debug|x64
		{B9BCCEA0-00C3-33B3-A4BA-1467779FC57C}.Release|x64.ActiveCfg = Release|x64
		{B9BCCEA0-00C3-33B3-A4BA-1467779FC57C}.Release|x64.Build.0 = Release|x64
		{B9BCCEA0-00C3-33B3-A4BA-1467779FC57C}.MinSizeRel|x64.ActiveCfg = MinSizeRel|x64
		{B9BCCEA0-00C3-33B3-A4BA-1467779FC57C}.MinSizeRel|x64.Build.0 = MinSizeRel|x64
		{B9BCCEA0-00C3-33B3-A4BA-1467779FC57C}.RelWithDebInfo|x64.ActiveCfg = RelWithDebInfo|x64
		{B9BCCEA0-00C3-33B3-A4BA-1467779FC57C}.RelWithDebInfo|x64.Build.0 = RelWithDebInfo|x64
		{419152F9-6D14-3EA1-9B55-548D7A075689}.Debug|x64.ActiveCfg = Debug|x64
		{419152F9-6D14-3EA1-9B55-548D7A075689}.Debug|x64.Build.0 = Debug|x64
		{419152F9-6D14-3EA1-9B55-548D7A075689}.Release|x64.ActiveCfg = Release|x64
		{419152F9-6D14-3EA1-9B55-548D7A075689}.Release|x64.Build.0 = Release|x64
		{419152F9-6D14-3EA1-9B55-548D7A075689}.MinSizeRel|x64.ActiveCfg = MinSizeRel|x64
		{419152F9-6D14-3EA1-9B55-548D7A075689}.MinSizeRel|x64.Build.0 = MinSizeRel|x64
		{419152F9-6D14-3EA1-9B55-548D7A075689}.RelWithDebInfo|x64.ActiveCfg = RelWithDebInfo|x64
		{419152F9-6D14-3EA1-9B55-548D7A075689}.RelWithDebInfo|x64.Build.0 = RelWithDebInfo|x64
		{272FD4A1-D37E-3733-9FEF-10054998B5B5}.Debug|x64.ActiveCfg = Debug|x64
		{272FD4A1-D37E-3733-9FEF-10054998B5B5}.Debug|x64.Build.0 = Debug|x64
		{272FD4A1-D37E-3733-9FEF-10054998B5B5}.Release|x64.ActiveCfg = Release|x64
		{272FD4A1-D37E-3733-9FEF-10054998B5B5}.Release|x64.Build.0 = Release|x64
		{272FD4A1-D37E-3733-9FEF-10054998B5B5}.MinSizeRel|x64.ActiveCfg = MinSizeRel|x64
		{272FD4A1-D37E-3733-9FEF-10054998B5B5}.MinSizeRel|x64.Build.0 = MinSizeRel|x64
		{272FD4A1-D37E-3733-9FEF-10054998B5B5}.RelWithDebInfo|x64.ActiveCfg = RelWithDebInfo|x64
		{272FD4A1-D37E-3733-9FEF-10054998B5B5}.RelWithDebInfo|x64.Build.0 = RelWithDebInfo|x64
		{5C625632-5D7D-3492-9A02-A19F70EB4D50}.Debug|x64.ActiveCfg = Debug|x64
		{5C625632-5D7D-3492-9A02-A19F70EB4D50}.Debug|x64.Build.0 = Debug|x64
		{5C625632-5D7D-3492-9A02-A19F70EB4D50}.Release|x64.ActiveCfg = Release|x64
		{5C625632-5D7D-3492-9A02-A19F70EB4D50}.Release|x64.Build.0 = Release|x64
		{5C625632-5D7D-3492-9A02-A19F70EB4D50}.MinSizeRel|x64.ActiveCfg = MinSizeRel|x64
		{5C625632-5D7D-3492-9A02-A19F70EB4D50}.MinSizeRel|x64.Build.0 = MinSizeRel|x64
		{5C625632-5D7D-3492-9A02-A19F70EB4D50}.RelWithDebInfo|x64.ActiveCfg = RelWithDebInfo|x64
		{5C625632-5D7D-3492-9A02-A19F70EB4D50}.RelWithDebInfo|x64.Build.0 = RelWithDebInfo|x64
		{34FEA953-945D-3F6F-BF83-3FC56B13348F}.Debug|x64.ActiveCfg = Debug|x64
		{34FEA953-945D-3F6F-BF83-3FC56B13348F}.Debug|x64.Build.0 = Debug|x64
		{34FEA953-945D-3F6F-BF83-3FC56B13348F}.Release|x64.ActiveCfg = Release|x64
		{34FEA953-945D-3F6F-BF83-3FC56B13348F}.Release|x64.Build.0 = Release|x64
		{34FEA953-945D-3F6F-BF83-3FC56B13348F}.MinSizeRel|x64.ActiveCfg = MinSizeRel|x64
		{34FEA953-945D-3F6F-BF83-3FC56B13348F}.MinSizeRel|x64.Build.0 = MinSizeRel|x64
		{34FEA953-945D-3F6F-BF83-3FC56B13348F}.RelWithDebInfo|x64.ActiveCfg = RelWithDebInfo|x64
		{34FEA953-945D-3F6F-BF83-3FC56B13348F}.RelWithDebInfo|x64.Build.0 = RelWithDebInfo|x64
		{FE38374E-63CB-38A1-B746-72AEC1093427}.Debug|x64.ActiveCfg = Debug|x64
		{FE38374E-63CB-38A1-B746-72AEC1093427}.Debug|x64.Build.0 = Debug|x64
		{FE38374E-63CB-38A1-B746-72AEC1093427}.Release|x64.ActiveCfg = Release|x64
		{FE38374E-63CB-38A1-B746-72AEC1093427}.Release|x64.Build.0 = Release|x64
		{FE38374E-63CB-38A1-B746-72AEC1093427}.MinSizeRel|x64.ActiveCfg = MinSizeRel|x64
		{FE38374E-63CB-38A1-B746-72AEC1093427}.MinSizeRel|x64.Build.0 = MinSizeRel|x64
		{FE38374E-63CB-38A1-B746-72AEC1093427}.RelWithDebInfo|x64.ActiveCfg = RelWithDebInfo|x64
		{FE38374E-63CB-38A1-B746-72AEC1093427}.RelWithDebInfo|x64.Build.0 = RelWithDebInfo|x64
		{334D2A77-5113-35D3-B8F3-77321D20387C}.Debug|x64.ActiveCfg = Debug|x64
		{334D2A77-5113-35D3-B8F3-77321D20387C}.Debug|x64.Build.0 = Debug|x64
		{334D2A77-5113-35D3-B8F3-77321D20387C}.Release|x64.ActiveCfg = Release|x64
		{334D2A77-5113-35D3-B8F3-77321D20387C}.Release|x64.Build.0 = Release|x64
		{334D2A77-5113-35D3-B8F3-77321D20387C}.MinSizeRel|x64.ActiveCfg = MinSizeRel|x64
		{334D2A77-5113-35D3-B8F3-77321D20387C}.MinSizeRel|x64.Build.0 = MinSizeRel|x64
		{334D2A77-5113-35D3-B8F3-77321D20387C}.RelWithDebInfo|x64.ActiveCfg = RelWithDebInfo|x64
		{334D2A77-5113-35D3-B8F3-77321D20387C}.RelWithDebInfo|x64.Build.0 = RelWithDebInfo|x64
		{254D7506-04C3-3979-9AE7-D1667D683FB9}.Debug|x64.ActiveCfg = Debug|x64
		{254D7506-04C3-3979-9AE7-D1667D683FB9}.Debug|x64.Build.0 = Debug|x64
		{254D7506-04C3-3979-9AE7-D1667D683FB9}.Release|x64.ActiveCfg = Release|x64
		{254D7506-04C3-3979-9AE7-D1667D683FB9}.Release|x64.Build.0 = Release|x64
		{254D7506-04C3-3979-9AE7-D1667D683FB9}.MinSizeRel|x64.ActiveCfg = MinSizeRel|x64
		{254D7506-04C3-3979-9AE7-D1667D683FB9}.MinSizeRel|x64.Build.0 = MinSizeRel|x64
		{254D7506-04C3-3979-9AE7-D1667D683FB9}.RelWithDebInfo|x64.ActiveCfg = RelWithDebInfo|x64
		{254D7506-04C3-3979-9AE7-D1667D683FB9}.RelWithDebInfo|x64.Build.0 = RelWithDebInfo|x64
		{AA8014E0-A518-3F29-B780-EF097B21DF2B}.Debug|x64.ActiveCfg = Debug|x64
		{AA8014E0-A518-3F29-B780-EF097B21DF2B}.Release|x64.ActiveCfg = Release|x64
		{AA8014E0-A518-3F29-B780-EF097B21DF2B}.MinSizeRel|x64.ActiveCfg = MinSizeRel|x64
		{AA8014E0-A518-3F29-B780-EF097B21DF2B}.RelWithDebInfo|x64.ActiveCfg = RelWithDebInfo|x64
		{13904526-36F5-3323-A1AF-E40D36CE2808}.Debug|x64.ActiveCfg = Debug|x64
		{13904526-36F5-3323-A1AF-E40D36CE2808}.Debug|x64.Build.0 = Debug|x64
		{13904526-36F5-3323-A1AF-E40D36CE2808}.Release|x64.ActiveCfg = Release|x64
		{13904526-36F5-3323-A1AF-E40D36CE2808}.Release|x64.Build.0 = Release|x64
		{13904526-36F5-3323-A1AF-E40D36CE2808}.MinSizeRel|x64.ActiveCfg = MinSizeRel|x64
		{13904526-36F5-3323-A1AF-E40D36CE2808}.MinSizeRel|x64.Build.0 = MinSizeRel|x64
		{13904526-36F5-3323-A1AF-E40D36CE2808}.RelWithDebInfo|x64.ActiveCfg = RelWithDebInfo|x64
		{13904526-36F5-3323-A1AF-E40D36CE2808}.RelWithDebInfo|x64.Build.0 = RelWithDebInfo|x64
		{29CA42EC-04AC-32F2-9DB3-BABAA4701088}.Debug|x64.ActiveCfg = Debug|x64
		{29CA42EC-04AC-32F2-9DB3-BABAA4701088}.Debug|x64.Build.0 = Debug|x64
		{29CA42EC-04AC-32F2-9DB3-BABAA4701088}.Release|x64.ActiveCfg = Release|x64
		{29CA42EC-04AC-32F2-9DB3-BABAA4701088}.Release|x64.Build.0 = Release|x64
		{29CA42EC-04AC-32F2-9DB3-BABAA4701088}.MinSizeRel|x64.ActiveCfg = MinSizeRel|x64
		{29CA42EC-04AC-32F2-9DB3-BABAA4701088}.MinSizeRel|x64.Build.0 = MinSizeRel|x64
		{29CA42EC-04AC-32F2-9DB3-BABAA4701088}.RelWithDebInfo|x64.ActiveCfg = RelWithDebInfo|x64
		{29CA42EC-04AC-32F2-9DB3-BABAA4701088}.RelWithDebInfo|x64.Build.0 = RelWithDebInfo|x64
		{3463F2BE-5D39-3124-9269-32148761EA91}.Debug|x64.ActiveCfg = Debug|x64
		{3463F2BE-5D39-3124-9269-32148761EA91}.Debug|x64.Build.0 = Debug|x64
		{3463F2BE-5D39-3124-9269-32148761EA91}.Release|x64.ActiveCfg = Release|x64
		{3463F2BE-5D39-3124-9269-32148761EA91}.Release|x64.Build.0 = Release|x64
		{3463F2BE-5D39-3124-9269-32148761EA91}.MinSizeRel|x64.ActiveCfg = MinSizeRel|x64
		{3463F2BE-5D39-3124-9269-32148761EA91}.MinSizeRel|x64.Build.0 = MinSizeRel|x64
		{3463F2BE-5D39-3124-9269-32148761EA91}.RelWithDebInfo|x64.ActiveCfg = RelWithDebInfo|x64
		{3463F2BE-5D39-3124-9269-32148761EA91}.RelWithDebInfo|x64.Build.0 = RelWithDebInfo|x64
	EndGlobalSection
	GlobalSection(NestedProjects) = preSolution
		{83B0A416-B39F-3F02-BAB1-9E82F46699AA} = {2B2EE3C4-008F-3275-8319-A38D05CB93C3}
		{DCA5845F-E92C-3D02-B753-8B02C390931B} = {2B2EE3C4-008F-3275-8319-A38D05CB93C3}
		{308D368C-5AB9-3471-989B-E95EAF5D2D1E} = {2B2EE3C4-008F-3275-8319-A38D05CB93C3}
		{981BA105-4999-32EA-88C8-9AE84AC99B03} = {8BC5FA98-E051-3DDF-A664-1CBF9EAE451E}
		{108C6584-8003-31B9-B7D4-3B8DAED23210} = {8BC5FA98-E051-3DDF-A664-1CBF9EAE451E}
		{02EDC923-C6CF-30D1-A157-8A89B047B6E0} = {8BC5FA98-E051-3DDF-A664-1CBF9EAE451E}
		{AA8014E0-A518-3F29-B780-EF097B21DF2B} = {8BC5FA98-E051-3DDF-A664-1CBF9EAE451E}
		{9962F25F-0648-3286-857E-714349C65C6E} = {981BA105-4999-32EA-88C8-9AE84AC99B03}
		{2BE55D28-4640-38AE-BCA1-8E7E425CC93F} = {981BA105-4999-32EA-88C8-9AE84AC99B03}
		{6369C295-416B-39D6-99C0-AB5A147147EC} = {981BA105-4999-32EA-88C8-9AE84AC99B03}
		{CA1E7A4E-D226-3B99-9FA3-1CA8586B09C0} = {981BA105-4999-32EA-88C8-9AE84AC99B03}
		{C8E4C03E-D5CC-3370-8DDF-CECEF39A16EB} = {981BA105-4999-32EA-88C8-9AE84AC99B03}
		{419152F9-6D14-3EA1-9B55-548D7A075689} = {981BA105-4999-32EA-88C8-9AE84AC99B03}
		{272FD4A1-D37E-3733-9FEF-10054998B5B5} = {981BA105-4999-32EA-88C8-9AE84AC99B03}
		{5C625632-5D7D-3492-9A02-A19F70EB4D50} = {981BA105-4999-32EA-88C8-9AE84AC99B03}
		{29CA42EC-04AC-32F2-9DB3-BABAA4701088} = {981BA105-4999-32EA-88C8-9AE84AC99B03}
		{6788ADC6-DC2B-32F4-A681-A04D2E0D0D5A} = {108C6584-8003-31B9-B7D4-3B8DAED23210}
		{20727E43-0320-333A-8DDA-03350BD3C70E} = {108C6584-8003-31B9-B7D4-3B8DAED23210}
		{89378BF4-DD0B-337B-959F-A1ECF4D4DCF4} = {108C6584-8003-31B9-B7D4-3B8DAED23210}
		{593EB96D-76DD-3B26-8F8E-9D9AF9E79FD2} = {108C6584-8003-31B9-B7D4-3B8DAED23210}
		{110A372B-8BD8-37B7-8B57-EDB84A2119ED} = {108C6584-8003-31B9-B7D4-3B8DAED23210}
		{F9F8E235-0442-3DAA-A580-26CA04D0F5DA} = {108C6584-8003-31B9-B7D4-3B8DAED23210}
		{23CF3FF5-08D1-39CF-A514-FC6D36C1C679} = {108C6584-8003-31B9-B7D4-3B8DAED23210}
		{7DB16897-DE32-3D3F-8439-AC11B0D0FCD0} = {108C6584-8003-31B9-B7D4-3B8DAED23210}
		{FD87BFD1-6A86-3455-8405-96EE8D9EE65C} = {108C6584-8003-31B9-B7D4-3B8DAED23210}
		{FFA95260-FDE9-30EF-AFE9-B7394A81B8E5} = {108C6584-8003-31B9-B7D4-3B8DAED23210}
		{51FFA91A-C619-3EA0-991B-1A05C016B1FC} = {108C6584-8003-31B9-B7D4-3B8DAED23210}
		{346EFFCF-7E88-3ABB-9579-189D6FAABA01} = {108C6584-8003-31B9-B7D4-3B8DAED23210}
		{93C1E329-B4BE-3E96-B1CA-F4BB2AC466E9} = {108C6584-8003-31B9-B7D4-3B8DAED23210}
		{B9BCCEA0-00C3-33B3-A4BA-1467779FC57C} = {108C6584-8003-31B9-B7D4-3B8DAED23210}
		{34FEA953-945D-3F6F-BF83-3FC56B13348F} = {108C6584-8003-31B9-B7D4-3B8DAED23210}
		{FE38374E-63CB-38A1-B746-72AEC1093427} = {108C6584-8003-31B9-B7D4-3B8DAED23210}
		{334D2A77-5113-35D3-B8F3-77321D20387C} = {108C6584-8003-31B9-B7D4-3B8DAED23210}
		{254D7506-04C3-3979-9AE7-D1667D683FB9} = {108C6584-8003-31B9-B7D4-3B8DAED23210}
		{13904526-36F5-3323-A1AF-E40D36CE2808} = {108C6584-8003-31B9-B7D4-3B8DAED23210}
		{3463F2BE-5D39-3124-9269-32148761EA91} = {108C6584-8003-31B9-B7D4-3B8DAED23210}
	EndGlobalSection
	GlobalSection(ExtensibilityGlobals) = postSolution
		SolutionGuid = {51879C63-39DC-31F8-808C-59AD9B7DA990}
	EndGlobalSection
	GlobalSection(ExtensibilityAddIns) = postSolution
	EndGlobalSection
EndGlobal
