<?xml version="1.0" encoding="utf-8"?>
<Project ToolsVersion="17.0" xmlns="http://schemas.microsoft.com/developer/msbuild/2003">
  <ItemGroup>
    <CustomBuild Include="C:\Users\abdas\OneDrive\Desktop\BasicEngine-Assignment2 (2)\BasicEngine-Assignment2\binaries\CMakeFiles\3b61d67c8cf2550170b643ed1275dd62\INSTALL_force.rule">
      <Filter>CMake Rules</Filter>
    </CustomBuild>
  </ItemGroup>
  <ItemGroup>
    <Filter Include="CMake Rules">
      <UniqueIdentifier>{210CC1F1-1FA0-37CE-B4D3-F945C3A1B722}</UniqueIdentifier>
    </Filter>
  </ItemGroup>
</Project>
